
Microsoft Visual Studio Solution File, Format Version 12.00
# Visual Studio 15
VisualStudioVersion = 15.0.28307.1340
MinimumVisualStudioVersion = 10.0.40219.1
Project("{FAE04EC0-301F-11D3-BF4B-00C04F79EFBC}") = "App01", "App01\App01.csproj", "{DB60B785-4F18-44FD-9A38-29EAFE35BBB3}"
EndProject
Project("{FAE04EC0-301F-11D3-BF4B-00C04F79EFBC}") = "L2App01", "App02\L2App01.csproj", "{951B8274-3CA8-4652-AC31-46C2F7DB5C92}"
EndProject
Project("{FAE04EC0-301F-11D3-BF4B-00C04F79EFBC}") = "L2App02", "L2App02\L2App02.csproj", "{2373D601-6F9D-42B4-A068-2318C9970BE7}"
EndProject
Project("{FAE04EC0-301F-11D3-BF4B-00C04F79EFBC}") = "L2App03", "L2App03\L2App03.csproj", "{80C8EC86-8E7D-4F7C-B8A3-1895F82770BE}"
EndProject
Project("{FAE04EC0-301F-11D3-BF4B-00C04F79EFBC}") = "L2App04", "L2App04\L2App04.csproj", "{2E88267C-32F4-4B4F-9778-BE6694835E23}"
EndProject
Project("{FAE04EC0-301F-11D3-BF4B-00C04F79EFBC}") = "L2App05", "L2App05\L2App05.csproj", "{D61B82DA-09EB-4598-A88C-900A3AB8AB40}"
EndProject
Project("{FAE04EC0-301F-11D3-BF4B-00C04F79EFBC}") = "L2App07", "L2App07\L2App07.csproj", "{81E6ABB4-A4C9-45CC-87DE-47A17F85B731}"
EndProject
Project("{FAE04EC0-301F-11D3-BF4B-00C04F79EFBC}") = "L2App06", "L2App06\L2App06.csproj", "{AB12D291-A680-4298-9F74-5651899CF950}"
EndProject
Global
	GlobalSection(SolutionConfigurationPlatforms) = preSolution
		Debug|Any CPU = Debug|Any CPU
		Release|Any CPU = Release|Any CPU
	EndGlobalSection
	GlobalSection(ProjectConfigurationPlatforms) = postSolution
		{DB60B785-4F18-44FD-9A38-29EAFE35BBB3}.Debug|Any CPU.ActiveCfg = Debug|Any CPU
		{DB60B785-4F18-44FD-9A38-29EAFE35BBB3}.Debug|Any CPU.Build.0 = Debug|Any CPU
		{DB60B785-4F18-44FD-9A38-29EAFE35BBB3}.Release|Any CPU.ActiveCfg = Release|Any CPU
		{DB60B785-4F18-44FD-9A38-29EAFE35BBB3}.Release|Any CPU.Build.0 = Release|Any CPU
		{951B8274-3CA8-4652-AC31-46C2F7DB5C92}.Debug|Any CPU.ActiveCfg = Debug|Any CPU
		{951B8274-3CA8-4652-AC31-46C2F7DB5C92}.Debug|Any CPU.Build.0 = Debug|Any CPU
		{951B8274-3CA8-4652-AC31-46C2F7DB5C92}.Release|Any CPU.ActiveCfg = Release|Any CPU
		{951B8274-3CA8-4652-AC31-46C2F7DB5C92}.Release|Any CPU.Build.0 = Release|Any CPU
		{2373D601-6F9D-42B4-A068-2318C9970BE7}.Debug|Any CPU.ActiveCfg = Debug|Any CPU
		{2373D601-6F9D-42B4-A068-2318C9970BE7}.Debug|Any CPU.Build.0 = Debug|Any CPU
		{2373D601-6F9D-42B4-A068-2318C9970BE7}.Release|Any CPU.ActiveCfg = Release|Any CPU
		{2373D601-6F9D-42B4-A068-2318C9970BE7}.Release|Any CPU.Build.0 = Release|Any CPU
		{80C8EC86-8E7D-4F7C-B8A3-1895F82770BE}.Debug|Any CPU.ActiveCfg = Debug|Any CPU
		{80C8EC86-8E7D-4F7C-B8A3-1895F82770BE}.Debug|Any CPU.Build.0 = Debug|Any CPU
		{80C8EC86-8E7D-4F7C-B8A3-1895F82770BE}.Release|Any CPU.ActiveCfg = Release|Any CPU
		{80C8EC86-8E7D-4F7C-B8A3-1895F82770BE}.Release|Any CPU.Build.0 = Release|Any CPU
		{2E88267C-32F4-4B4F-9778-BE6694835E23}.Debug|Any CPU.ActiveCfg = Debug|Any CPU
		{2E88267C-32F4-4B4F-9778-BE6694835E23}.Debug|Any CPU.Build.0 = Debug|Any CPU
		{2E88267C-32F4-4B4F-9778-BE6694835E23}.Release|Any CPU.ActiveCfg = Release|Any CPU
		{2E88267C-32F4-4B4F-9778-BE6694835E23}.Release|Any CPU.Build.0 = Release|Any CPU
		{D61B82DA-09EB-4598-A88C-900A3AB8AB40}.Debug|Any CPU.ActiveCfg = Debug|Any CPU
		{D61B82DA-09EB-4598-A88C-900A3AB8AB40}.Debug|Any CPU.Build.0 = Debug|Any CPU
		{D61B82DA-09EB-4598-A88C-900A3AB8AB40}.Release|Any CPU.ActiveCfg = Release|Any CPU
		{D61B82DA-09EB-4598-A88C-900A3AB8AB40}.Release|Any CPU.Build.0 = Release|Any CPU
		{81E6ABB4-A4C9-45CC-87DE-47A17F85B731}.Debug|Any CPU.ActiveCfg = Debug|Any CPU
		{81E6ABB4-A4C9-45CC-87DE-47A17F85B731}.Debug|Any CPU.Build.0 = Debug|Any CPU
		{81E6ABB4-A4C9-45CC-87DE-47A17F85B731}.Release|Any CPU.ActiveCfg = Release|Any CPU
		{81E6ABB4-A4C9-45CC-87DE-47A17F85B731}.Release|Any CPU.Build.0 = Release|Any CPU
		{AB12D291-A680-4298-9F74-5651899CF950}.Debug|Any CPU.ActiveCfg = Debug|Any CPU
		{AB12D291-A680-4298-9F74-5651899CF950}.Debug|Any CPU.Build.0 = Debug|Any CPU
		{AB12D291-A680-4298-9F74-5651899CF950}.Release|Any CPU.ActiveCfg = Release|Any CPU
		{AB12D291-A680-4298-9F74-5651899CF950}.Release|Any CPU.Build.0 = Release|Any CPU
	EndGlobalSection
	GlobalSection(SolutionProperties) = preSolution
		HideSolutionNode = FALSE
	EndGlobalSection
	GlobalSection(ExtensibilityGlobals) = postSolution
		SolutionGuid = {EC4D4363-341E-4363-B573-FFA20581FE7F}
	EndGlobalSection
EndGlobal
