
Microsoft Visual Studio Solution File, Format Version 12.00
# Visual Studio 15
VisualStudioVersion = 15.0.28307.1340
MinimumVisualStudioVersion = 10.0.40219.1
Project("{FAE04EC0-301F-11D3-BF4B-00C04F79EFBC}") = "App01", "App01\App01.csproj", "{DB60B785-4F18-44FD-9A38-29EAFE35BBB3}"
EndProject
Global
	GlobalSection(SolutionConfigurationPlatforms) = preSolution
		Debug|Any CPU = Debug|Any CPU
		Release|Any CPU = Release|Any CPU
	EndGlobalSection
	GlobalSection(ProjectConfigurationPlatforms) = postSolution
		{DB60B785-4F18-44FD-9A38-29EAFE35BBB3}.Debug|Any CPU.ActiveCfg = Debug|Any CPU
		{DB60B785-4F18-44FD-9A38-29EAFE35BBB3}.Debug|Any CPU.Build.0 = Debug|Any CPU
		{DB60B785-4F18-44FD-9A38-29EAFE35BBB3}.Release|Any CPU.ActiveCfg = Release|Any CPU
		{DB60B785-4F18-44FD-9A38-29EAFE35BBB3}.Release|Any CPU.Build.0 = Release|Any CPU
	EndGlobalSection
	GlobalSection(SolutionProperties) = preSolution
		HideSolutionNode = FALSE
	EndGlobalSection
	GlobalSection(ExtensibilityGlobals) = postSolution
		SolutionGuid = {EC4D4363-341E-4363-B573-FFA20581FE7F}
	EndGlobalSection
EndGlobal
