
Microsoft Visual Studio Solution File, Format Version 12.00
# Visual Studio 15
VisualStudioVersion = 15.0.28307.1401
MinimumVisualStudioVersion = 10.0.40219.1
Project("{FAE04EC0-301F-11D3-BF4B-00C04F79EFBC}") = "L7App01", "Lesson7\L7App01.csproj", "{EC225EAE-BACF-4E31-A7F7-FD0322E2656A}"
EndProject
Project("{FAE04EC0-301F-11D3-BF4B-00C04F79EFBC}") = "L7App02", "L7App02\L7App02.csproj", "{761AF396-A5C3-4E85-A9E4-A89CBDBF66EE}"
EndProject
Global
	GlobalSection(SolutionConfigurationPlatforms) = preSolution
		Debug|Any CPU = Debug|Any CPU
		Release|Any CPU = Release|Any CPU
	EndGlobalSection
	GlobalSection(ProjectConfigurationPlatforms) = postSolution
		{EC225EAE-BACF-4E31-A7F7-FD0322E2656A}.Debug|Any CPU.ActiveCfg = Debug|Any CPU
		{EC225EAE-BACF-4E31-A7F7-FD0322E2656A}.Debug|Any CPU.Build.0 = Debug|Any CPU
		{EC225EAE-BACF-4E31-A7F7-FD0322E2656A}.Release|Any CPU.ActiveCfg = Release|Any CPU
		{EC225EAE-BACF-4E31-A7F7-FD0322E2656A}.Release|Any CPU.Build.0 = Release|Any CPU
		{761AF396-A5C3-4E85-A9E4-A89CBDBF66EE}.Debug|Any CPU.ActiveCfg = Debug|Any CPU
		{761AF396-A5C3-4E85-A9E4-A89CBDBF66EE}.Debug|Any CPU.Build.0 = Debug|Any CPU
		{761AF396-A5C3-4E85-A9E4-A89CBDBF66EE}.Release|Any CPU.ActiveCfg = Release|Any CPU
		{761AF396-A5C3-4E85-A9E4-A89CBDBF66EE}.Release|Any CPU.Build.0 = Release|Any CPU
	EndGlobalSection
	GlobalSection(SolutionProperties) = preSolution
		HideSolutionNode = FALSE
	EndGlobalSection
	GlobalSection(ExtensibilityGlobals) = postSolution
		SolutionGuid = {BC94D6C9-1E09-4614-8E16-CE1A6D06F46C}
	EndGlobalSection
EndGlobal
