
Microsoft Visual Studio Solution File, Format Version 12.00
# Visual Studio 15
VisualStudioVersion = 15.0.28307.1340
MinimumVisualStudioVersion = 10.0.40219.1
Project("{FAE04EC0-301F-11D3-BF4B-00C04F79EFBC}") = "L6App01", "Lesson6\L6App01.csproj", "{09DD88CE-362F-43FA-90A2-28B07A867DB5}"
EndProject
Project("{FAE04EC0-301F-11D3-BF4B-00C04F79EFBC}") = "L6App02", "L6App02\L6App02.csproj", "{B66027CC-5E44-4E9F-9D79-40BC2A93B154}"
EndProject
Project("{FAE04EC0-301F-11D3-BF4B-00C04F79EFBC}") = "L6App03", "L6App03\L6App03.csproj", "{46A903C3-9E7F-41F7-BFC0-9F536B8C9129}"
EndProject
Global
	GlobalSection(SolutionConfigurationPlatforms) = preSolution
		Debug|Any CPU = Debug|Any CPU
		Release|Any CPU = Release|Any CPU
	EndGlobalSection
	GlobalSection(ProjectConfigurationPlatforms) = postSolution
		{09DD88CE-362F-43FA-90A2-28B07A867DB5}.Debug|Any CPU.ActiveCfg = Debug|Any CPU
		{09DD88CE-362F-43FA-90A2-28B07A867DB5}.Debug|Any CPU.Build.0 = Debug|Any CPU
		{09DD88CE-362F-43FA-90A2-28B07A867DB5}.Release|Any CPU.ActiveCfg = Release|Any CPU
		{09DD88CE-362F-43FA-90A2-28B07A867DB5}.Release|Any CPU.Build.0 = Release|Any CPU
		{B66027CC-5E44-4E9F-9D79-40BC2A93B154}.Debug|Any CPU.ActiveCfg = Debug|Any CPU
		{B66027CC-5E44-4E9F-9D79-40BC2A93B154}.Debug|Any CPU.Build.0 = Debug|Any CPU
		{B66027CC-5E44-4E9F-9D79-40BC2A93B154}.Release|Any CPU.ActiveCfg = Release|Any CPU
		{B66027CC-5E44-4E9F-9D79-40BC2A93B154}.Release|Any CPU.Build.0 = Release|Any CPU
		{46A903C3-9E7F-41F7-BFC0-9F536B8C9129}.Debug|Any CPU.ActiveCfg = Debug|Any CPU
		{46A903C3-9E7F-41F7-BFC0-9F536B8C9129}.Debug|Any CPU.Build.0 = Debug|Any CPU
		{46A903C3-9E7F-41F7-BFC0-9F536B8C9129}.Release|Any CPU.ActiveCfg = Release|Any CPU
		{46A903C3-9E7F-41F7-BFC0-9F536B8C9129}.Release|Any CPU.Build.0 = Release|Any CPU
	EndGlobalSection
	GlobalSection(SolutionProperties) = preSolution
		HideSolutionNode = FALSE
	EndGlobalSection
	GlobalSection(ExtensibilityGlobals) = postSolution
		SolutionGuid = {F1DD0CCC-8CD6-4C3D-BA7C-BA8680835415}
	EndGlobalSection
EndGlobal
