
Microsoft Visual Studio Solution File, Format Version 12.00
# Visual Studio 15
VisualStudioVersion = 15.0.28307.1340
MinimumVisualStudioVersion = 10.0.40219.1
Project("{FAE04EC0-301F-11D3-BF4B-00C04F79EFBC}") = "L5App01", "Lesson5\L5App01.csproj", "{55D3628C-E2E9-461E-AF4E-A185ACD80838}"
EndProject
Project("{FAE04EC0-301F-11D3-BF4B-00C04F79EFBC}") = "L5App02", "L5App02\L5App02.csproj", "{7AC3F844-2E87-402B-85C0-8C8B43AA0A51}"
EndProject
Project("{FAE04EC0-301F-11D3-BF4B-00C04F79EFBC}") = "L5App03", "L5App03\L5App03.csproj", "{D73371AC-5BF6-4AA9-9C78-1156B9566073}"
EndProject
Project("{FAE04EC0-301F-11D3-BF4B-00C04F79EFBC}") = "L5App04", "L5App04\L5App04.csproj", "{6516E891-9AB7-479B-9854-4DF35B2CD53E}"
EndProject
Project("{FAE04EC0-301F-11D3-BF4B-00C04F79EFBC}") = "L5App05", "L5App05\L5App05.csproj", "{EB0E5921-C5CA-42DF-A43C-89D6DED4707A}"
EndProject
Global
	GlobalSection(SolutionConfigurationPlatforms) = preSolution
		Debug|Any CPU = Debug|Any CPU
		Release|Any CPU = Release|Any CPU
	EndGlobalSection
	GlobalSection(ProjectConfigurationPlatforms) = postSolution
		{55D3628C-E2E9-461E-AF4E-A185ACD80838}.Debug|Any CPU.ActiveCfg = Debug|Any CPU
		{55D3628C-E2E9-461E-AF4E-A185ACD80838}.Debug|Any CPU.Build.0 = Debug|Any CPU
		{55D3628C-E2E9-461E-AF4E-A185ACD80838}.Release|Any CPU.ActiveCfg = Release|Any CPU
		{55D3628C-E2E9-461E-AF4E-A185ACD80838}.Release|Any CPU.Build.0 = Release|Any CPU
		{7AC3F844-2E87-402B-85C0-8C8B43AA0A51}.Debug|Any CPU.ActiveCfg = Debug|Any CPU
		{7AC3F844-2E87-402B-85C0-8C8B43AA0A51}.Debug|Any CPU.Build.0 = Debug|Any CPU
		{7AC3F844-2E87-402B-85C0-8C8B43AA0A51}.Release|Any CPU.ActiveCfg = Release|Any CPU
		{7AC3F844-2E87-402B-85C0-8C8B43AA0A51}.Release|Any CPU.Build.0 = Release|Any CPU
		{D73371AC-5BF6-4AA9-9C78-1156B9566073}.Debug|Any CPU.ActiveCfg = Debug|Any CPU
		{D73371AC-5BF6-4AA9-9C78-1156B9566073}.Debug|Any CPU.Build.0 = Debug|Any CPU
		{D73371AC-5BF6-4AA9-9C78-1156B9566073}.Release|Any CPU.ActiveCfg = Release|Any CPU
		{D73371AC-5BF6-4AA9-9C78-1156B9566073}.Release|Any CPU.Build.0 = Release|Any CPU
		{6516E891-9AB7-479B-9854-4DF35B2CD53E}.Debug|Any CPU.ActiveCfg = Debug|Any CPU
		{6516E891-9AB7-479B-9854-4DF35B2CD53E}.Debug|Any CPU.Build.0 = Debug|Any CPU
		{6516E891-9AB7-479B-9854-4DF35B2CD53E}.Release|Any CPU.ActiveCfg = Release|Any CPU
		{6516E891-9AB7-479B-9854-4DF35B2CD53E}.Release|Any CPU.Build.0 = Release|Any CPU
		{EB0E5921-C5CA-42DF-A43C-89D6DED4707A}.Debug|Any CPU.ActiveCfg = Debug|Any CPU
		{EB0E5921-C5CA-42DF-A43C-89D6DED4707A}.Debug|Any CPU.Build.0 = Debug|Any CPU
		{EB0E5921-C5CA-42DF-A43C-89D6DED4707A}.Release|Any CPU.ActiveCfg = Release|Any CPU
		{EB0E5921-C5CA-42DF-A43C-89D6DED4707A}.Release|Any CPU.Build.0 = Release|Any CPU
	EndGlobalSection
	GlobalSection(SolutionProperties) = preSolution
		HideSolutionNode = FALSE
	EndGlobalSection
	GlobalSection(ExtensibilityGlobals) = postSolution
		SolutionGuid = {11C1ECEC-71D3-4778-9C3A-8663DFC0C74B}
	EndGlobalSection
EndGlobal
